
Microsoft Visual Studio Solution File, Format Version 12.00
# Visual Studio 2015
Project("{FAE04EC0-301F-11D3-BF4B-00C04F79EFBC}") = "RainyDays.CSharp.Plugins", "RainyDays.CSharp.Plugins.csproj", "{B716E9E1-7F23-680C-E6DB-557E30ECF874}"
EndProject
Project("{FAE04EC0-301F-11D3-BF4B-00C04F79EFBC}") = "RainyDays.CSharp", "RainyDays.CSharp.csproj", "{98C995FF-B511-FFD1-0997-C73A6EC8EC34}"
EndProject
Project("{FAE04EC0-301F-11D3-BF4B-00C04F79EFBC}") = "RainyDays.CSharp.Editor.Plugins", "RainyDays.CSharp.Editor.Plugins.csproj", "{4B1F66C6-9B3E-7379-2847-82917140045B}"
EndProject
Global
	GlobalSection(SolutionConfigurationPlatforms) = preSolution
		Debug|Any CPU = Debug|Any CPU
		Release|Any CPU = Release|Any CPU
	EndGlobalSection
	GlobalSection(ProjectConfigurationPlatforms) = postSolution
		{B716E9E1-7F23-680C-E6DB-557E30ECF874}.Debug|Any CPU.ActiveCfg = Debug|Any CPU
		{B716E9E1-7F23-680C-E6DB-557E30ECF874}.Debug|Any CPU.Build.0 = Debug|Any CPU
		{B716E9E1-7F23-680C-E6DB-557E30ECF874}.Release|Any CPU.ActiveCfg = Release|Any CPU
		{B716E9E1-7F23-680C-E6DB-557E30ECF874}.Release|Any CPU.Build.0 = Release|Any CPU
		{98C995FF-B511-FFD1-0997-C73A6EC8EC34}.Debug|Any CPU.ActiveCfg = Debug|Any CPU
		{98C995FF-B511-FFD1-0997-C73A6EC8EC34}.Debug|Any CPU.Build.0 = Debug|Any CPU
		{98C995FF-B511-FFD1-0997-C73A6EC8EC34}.Release|Any CPU.ActiveCfg = Release|Any CPU
		{98C995FF-B511-FFD1-0997-C73A6EC8EC34}.Release|Any CPU.Build.0 = Release|Any CPU
		{4B1F66C6-9B3E-7379-2847-82917140045B}.Debug|Any CPU.ActiveCfg = Debug|Any CPU
		{4B1F66C6-9B3E-7379-2847-82917140045B}.Debug|Any CPU.Build.0 = Debug|Any CPU
		{4B1F66C6-9B3E-7379-2847-82917140045B}.Release|Any CPU.ActiveCfg = Release|Any CPU
		{4B1F66C6-9B3E-7379-2847-82917140045B}.Release|Any CPU.Build.0 = Release|Any CPU
	EndGlobalSection
	GlobalSection(SolutionProperties) = preSolution
		HideSolutionNode = FALSE
	EndGlobalSection
EndGlobal
